
Microsoft Visual Studio Solution File, Format Version 12.00
# Visual Studio 15
VisualStudioVersion = 15.0.26730.16
MinimumVisualStudioVersion = 10.0.40219.1
Project("{FAE04EC0-301F-11D3-BF4B-00C04F79EFBC}") = "MachineTools", "MachineTools\MachineTools.csproj", "{5061D4A1-49E4-44FF-B14B-1DAEE6BFD765}"
EndProject
Global
	GlobalSection(SolutionConfigurationPlatforms) = preSolution
		Debug|Any CPU = Debug|Any CPU
		Release|Any CPU = Release|Any CPU
	EndGlobalSection
	GlobalSection(ProjectConfigurationPlatforms) = postSolution
		{5061D4A1-49E4-44FF-B14B-1DAEE6BFD765}.Debug|Any CPU.ActiveCfg = Debug|Any CPU
		{5061D4A1-49E4-44FF-B14B-1DAEE6BFD765}.Debug|Any CPU.Build.0 = Debug|Any CPU
		{5061D4A1-49E4-44FF-B14B-1DAEE6BFD765}.Release|Any CPU.ActiveCfg = Release|Any CPU
		{5061D4A1-49E4-44FF-B14B-1DAEE6BFD765}.Release|Any CPU.Build.0 = Release|Any CPU
	EndGlobalSection
	GlobalSection(SolutionProperties) = preSolution
		HideSolutionNode = FALSE
	EndGlobalSection
	GlobalSection(ExtensibilityGlobals) = postSolution
		SolutionGuid = {6C9B3D9A-1373-49C6-9541-417A166EAE1F}
	EndGlobalSection
EndGlobal
